{
  "name": "freelance_site",
  "version": "1.0.0",
  "lockfileVersion": 1,
  "requires": true,
  "dependencies": {
    "blaze": {
      "version": "5.0.0-old",
      "resolved": "https://registry.npmjs.org/blaze/-/blaze-5.0.0-old.tgz",
      "integrity": "sha512-EMqFBYTEfTaX0fmgCtrSmf94UT+jeBIpTrEQCzMRcDrMja8E4U3DFkFP9IUFKFcsfE61Rg2JcvDbER++yzP05g=="
    }
  }
}
